
Microsoft Visual Studio Solution File, Format Version 12.00
# Visual Studio Version 17
VisualStudioVersion = 17.0.31521.260
MinimumVisualStudioVersion = 10.0.40219.1
Project("{FAE04EC0-301F-11D3-BF4B-00C04F79EFBC}") = "dotnet5-ui", "dotnet5-ui\dotnet5-ui.csproj", "{2B998EEC-C262-4C2A-B87E-D3EBB604F185}"
EndProject
Global
	GlobalSection(SolutionConfigurationPlatforms) = preSolution
		Debug|Any CPU = Debug|Any CPU
		Release|Any CPU = Release|Any CPU
	EndGlobalSection
	GlobalSection(ProjectConfigurationPlatforms) = postSolution
		{2B998EEC-C262-4C2A-B87E-D3EBB604F185}.Debug|Any CPU.ActiveCfg = Debug|Any CPU
		{2B998EEC-C262-4C2A-B87E-D3EBB604F185}.Debug|Any CPU.Build.0 = Debug|Any CPU
		{2B998EEC-C262-4C2A-B87E-D3EBB604F185}.Release|Any CPU.ActiveCfg = Release|Any CPU
		{2B998EEC-C262-4C2A-B87E-D3EBB604F185}.Release|Any CPU.Build.0 = Release|Any CPU
	EndGlobalSection
	GlobalSection(SolutionProperties) = preSolution
		HideSolutionNode = FALSE
	EndGlobalSection
	GlobalSection(ExtensibilityGlobals) = postSolution
		SolutionGuid = {66F18611-5EC0-493B-9A52-BB3E64F2F5A6}
	EndGlobalSection
EndGlobal
